
Microsoft Visual Studio Solution File, Format Version 12.00
Project("{FAE04EC0-301F-11D3-BF4B-00C04F79EFBC}") = "GreenApiQA.Automation", "GreenApiQA.Automation\GreenApiQA.Automation.csproj", "{488BDD71-3247-4EEA-A89A-429091671FD2}"
EndProject
Project("{2150E333-8FDC-42A3-9474-1A3956D46DE8}") = "solution-items", "solution-items", "{0B2DBDB9-6EA0-4AD7-AF4C-305BDAF18D16}"
	ProjectSection(SolutionItems) = preProject
		README.md = README.md
		.gitignore = .gitignore
		.github\workflows\app.yml = .github\workflows\app.yml
	EndProjectSection
EndProject
Global
	GlobalSection(SolutionConfigurationPlatforms) = preSolution
		Debug|Any CPU = Debug|Any CPU
		Release|Any CPU = Release|Any CPU
	EndGlobalSection
	GlobalSection(ProjectConfigurationPlatforms) = postSolution
		{488BDD71-3247-4EEA-A89A-429091671FD2}.Debug|Any CPU.ActiveCfg = Debug|Any CPU
		{488BDD71-3247-4EEA-A89A-429091671FD2}.Debug|Any CPU.Build.0 = Debug|Any CPU
		{488BDD71-3247-4EEA-A89A-429091671FD2}.Release|Any CPU.ActiveCfg = Release|Any CPU
		{488BDD71-3247-4EEA-A89A-429091671FD2}.Release|Any CPU.Build.0 = Release|Any CPU
	EndGlobalSection
EndGlobal
